
Microsoft Visual Studio Solution File, Format Version 12.00
# Visual Studio Version 16
VisualStudioVersion = 16.0.29806.167
MinimumVisualStudioVersion = 10.0.40219.1
Project("{8BC9CEB8-8B4A-11D0-8D11-00A0C91BC942}") = "HW04_closest-pair", "HW04_closest-pair.vcxproj", "{F56818A5-E14A-4D61-91C5-184731B5B18A}"
EndProject
Global
	GlobalSection(SolutionConfigurationPlatforms) = preSolution
		Debug|x64 = Debug|x64
		Debug|x86 = Debug|x86
		Release|x64 = Release|x64
		Release|x86 = Release|x86
	EndGlobalSection
	GlobalSection(ProjectConfigurationPlatforms) = postSolution
		{F56818A5-E14A-4D61-91C5-184731B5B18A}.Debug|x64.ActiveCfg = Debug|x64
		{F56818A5-E14A-4D61-91C5-184731B5B18A}.Debug|x64.Build.0 = Debug|x64
		{F56818A5-E14A-4D61-91C5-184731B5B18A}.Debug|x86.ActiveCfg = Debug|Win32
		{F56818A5-E14A-4D61-91C5-184731B5B18A}.Debug|x86.Build.0 = Debug|Win32
		{F56818A5-E14A-4D61-91C5-184731B5B18A}.Release|x64.ActiveCfg = Release|x64
		{F56818A5-E14A-4D61-91C5-184731B5B18A}.Release|x64.Build.0 = Release|x64
		{F56818A5-E14A-4D61-91C5-184731B5B18A}.Release|x86.ActiveCfg = Release|Win32
		{F56818A5-E14A-4D61-91C5-184731B5B18A}.Release|x86.Build.0 = Release|Win32
	EndGlobalSection
	GlobalSection(SolutionProperties) = preSolution
		HideSolutionNode = FALSE
	EndGlobalSection
	GlobalSection(ExtensibilityGlobals) = postSolution
		SolutionGuid = {B1EA68D9-9CC4-4A73-85F5-A1E8CE546BB2}
	EndGlobalSection
EndGlobal
